
Microsoft Visual Studio Solution File, Format Version 12.00
# Visual Studio Version 18
VisualStudioVersion = 18.6.11709.129 insiders
MinimumVisualStudioVersion = 10.0.40219.1
Project("{FAE04EC0-301F-11D3-BF4B-00C04F79EFBC}") = "YandexAddressGeocodeParser", "YandexAddressGeocodeParser\YandexAddressGeocodeParser.csproj", "{3A08F5DD-0648-41BE-8EB6-194E07AB399E}"
EndProject
Global
	GlobalSection(SolutionConfigurationPlatforms) = preSolution
		Debug|Any CPU = Debug|Any CPU
		Release|Any CPU = Release|Any CPU
	EndGlobalSection
	GlobalSection(ProjectConfigurationPlatforms) = postSolution
		{3A08F5DD-0648-41BE-8EB6-194E07AB399E}.Debug|Any CPU.ActiveCfg = Debug|Any CPU
		{3A08F5DD-0648-41BE-8EB6-194E07AB399E}.Debug|Any CPU.Build.0 = Debug|Any CPU
		{3A08F5DD-0648-41BE-8EB6-194E07AB399E}.Release|Any CPU.ActiveCfg = Release|Any CPU
		{3A08F5DD-0648-41BE-8EB6-194E07AB399E}.Release|Any CPU.Build.0 = Release|Any CPU
	EndGlobalSection
	GlobalSection(SolutionProperties) = preSolution
		HideSolutionNode = FALSE
	EndGlobalSection
	GlobalSection(ExtensibilityGlobals) = postSolution
		SolutionGuid = {8CD71051-5FC1-4C9F-8AE5-2CE58CB2EF28}
	EndGlobalSection
EndGlobal
